{
    "_meta": {
        "hash": {
            "sha256": "6d077cab82bfbedee1509fa3b7109a1fbfbc50895abf1c7db574887df10f0b1a"
        },
        "pipfile-spec": 6,
        "requires": {
            "python_version": "3.11"
        },
        "sources": [
            {
                "name": "pypi",
                "url": "https://pypi.org/simple",
                "verify_ssl": true
            }
        ]
    },
    "default": {
        "greenlet": {
            "hashes": [
                "sha256:03a8f4f3430c3b3ff8d10a2a86028c660355ab637cee9333d63d66b56f09d52a",
                "sha256:0bf60faf0bc2468089bdc5edd10555bab6e85152191df713e2ab1fcc86382b5a",
                "sha256:18a7f18b82b52ee85322d7a7874e676f34ab319b9f8cce5de06067384aa8ff43",
                "sha256:18e98fb3de7dba1c0a852731c3070cf022d14f0d68b4c87a19cc1016f3bb8b33",
                "sha256:1a819eef4b0e0b96bb0d98d797bef17dc1b4a10e8d7446be32d1da33e095dbb8",
                "sha256:26fbfce90728d82bc9e6c38ea4d038cba20b7faf8a0ca53a9c07b67318d46088",
                "sha256:2780572ec463d44c1d3ae850239508dbeb9fed38e294c68d19a24d925d9223ca",
                "sha256:283737e0da3f08bd637b5ad058507e578dd462db259f7f6e4c5c365ba4ee9343",
                "sha256:2d4686f195e32d36b4d7cf2d166857dbd0ee9f3d20ae349b6bf8afc8485b3645",
                "sha256:2dd11f291565a81d71dab10b7033395b7a3a5456e637cf997a6f33ebdf06f8db",
                "sha256:30bcf80dda7f15ac77ba5af2b961bdd9dbc77fd4ac6105cee85b0d0a5fcf74df",
                "sha256:32e5b64b148966d9cccc2c8d35a671409e45f195864560829f395a54226408d3",
                "sha256:36abbf031e1c0f79dd5d596bfaf8e921c41df2bdf54ee1eed921ce1f52999a86",
                "sha256:3a06ad5312349fec0ab944664b01d26f8d1f05009566339ac6f63f56589bc1a2",
                "sha256:3a51c9751078733d88e013587b108f1b7a1fb106d402fb390740f002b6f6551a",
                "sha256:3c9b12575734155d0c09d6c3e10dbd81665d5c18e1a7c6597df72fd05990c8cf",
                "sha256:3f6ea9bd35eb450837a3d80e77b517ea5bc56b4647f5502cd28de13675ee12f7",
                "sha256:4b58adb399c4d61d912c4c331984d60eb66565175cdf4a34792cd9600f21b394",
                "sha256:4d2e11331fc0c02b6e84b0d28ece3a36e0548ee1a1ce9ddde03752d9b79bba40",
                "sha256:5454276c07d27a740c5892f4907c86327b632127dd9abec42ee62e12427ff7e3",
                "sha256:561091a7be172ab497a3527602d467e2b3fbe75f9e783d8b8ce403fa414f71a6",
                "sha256:6c3acb79b0bfd4fe733dff8bc62695283b57949ebcca05ae5c129eb606ff2d74",
                "sha256:703f18f3fda276b9a916f0934d2fb6d989bf0b4fb5a64825260eb9bfd52d78f0",
                "sha256:7492e2b7bd7c9b9916388d9df23fa49d9b88ac0640db0a5b4ecc2b653bf451e3",
                "sha256:76ae285c8104046b3a7f06b42f29c7b73f77683df18c49ab5af7983994c2dd91",
                "sha256:7cafd1208fdbe93b67c7086876f061f660cfddc44f404279c1585bbf3cdc64c5",
                "sha256:7efde645ca1cc441d6dc4b48c0f7101e8d86b54c8530141b09fd31cef5149ec9",
                "sha256:88d9ab96491d38a5ab7c56dd7a3cc37d83336ecc564e4e8816dbed12e5aaefc8",
                "sha256:8eab883b3b2a38cc1e050819ef06a7e6344d4a990d24d45bc6f2cf959045a45b",
                "sha256:910841381caba4f744a44bf81bfd573c94e10b3045ee00de0cbf436fe50673a6",
                "sha256:9190f09060ea4debddd24665d6804b995a9c122ef5917ab26e1566dcc712ceeb",
                "sha256:937e9020b514ceedb9c830c55d5c9872abc90f4b5862f89c0887033ae33c6f73",
                "sha256:94c817e84245513926588caf1152e3b559ff794d505555211ca041f032abbb6b",
                "sha256:971ce5e14dc5e73715755d0ca2975ac88cfdaefcaab078a284fea6cfabf866df",
                "sha256:9d14b83fab60d5e8abe587d51c75b252bcc21683f24699ada8fb275d7712f5a9",
                "sha256:9f35ec95538f50292f6d8f2c9c9f8a3c6540bbfec21c9e5b4b751e0a7c20864f",
                "sha256:a1846f1b999e78e13837c93c778dcfc3365902cfb8d1bdb7dd73ead37059f0d0",
                "sha256:acd2162a36d3de67ee896c43effcd5ee3de247eb00354db411feb025aa319857",
                "sha256:b0ef99cdbe2b682b9ccbb964743a6aca37905fda5e0452e5ee239b1654d37f2a",
                "sha256:b80f600eddddce72320dbbc8e3784d16bd3fb7b517e82476d8da921f27d4b249",
                "sha256:b864ba53912b6c3ab6bcb2beb19f19edd01a6bfcbdfe1f37ddd1778abfe75a30",
                "sha256:b9ec052b06a0524f0e35bd8790686a1da006bd911dd1ef7d50b77bfbad74e292",
                "sha256:ba2956617f1c42598a308a84c6cf021a90ff3862eddafd20c3333d50f0edb45b",
                "sha256:bdfea8c661e80d3c1c99ad7c3ff74e6e87184895bbaca6ee8cc61209f8b9b85d",
                "sha256:be4ed120b52ae4d974aa40215fcdfde9194d63541c7ded40ee12eb4dda57b76b",
                "sha256:c4302695ad8027363e96311df24ee28978162cdcdd2006476c43970b384a244c",
                "sha256:c48f54ef8e05f04d6eff74b8233f6063cb1ed960243eacc474ee73a2ea8573ca",
                "sha256:c9c59a2120b55788e800d82dfa99b9e156ff8f2227f07c5e3012a45a399620b7",
                "sha256:cd021c754b162c0fb55ad5d6b9d960db667faad0fa2ff25bb6e1301b0b6e6a75",
                "sha256:d27ec7509b9c18b6d73f2f5ede2622441de812e7b1a80bbd446cb0633bd3d5ae",
                "sha256:d5508f0b173e6aa47273bdc0a0b5ba055b59662ba7c7ee5119528f466585526b",
                "sha256:d75209eed723105f9596807495d58d10b3470fa6732dd6756595e89925ce2470",
                "sha256:db1a39669102a1d8d12b57de2bb7e2ec9066a6f2b3da35ae511ff93b01b5d564",
                "sha256:dbfcfc0218093a19c252ca8eb9aee3d29cfdcb586df21049b9d777fd32c14fd9",
                "sha256:e0f72c9ddb8cd28532185f54cc1453f2c16fb417a08b53a855c4e6a418edd099",
                "sha256:e7c8dc13af7db097bed64a051d2dd49e9f0af495c26995c00a9ee842690d34c0",
                "sha256:ea9872c80c132f4663822dd2a08d404073a5a9b5ba6155bea72fb2a79d1093b5",
                "sha256:eff4eb9b7eb3e4d0cae3d28c283dc16d9bed6b193c2e1ace3ed86ce48ea8df19",
                "sha256:f82d4d717d8ef19188687aa32b8363e96062911e63ba22a0cff7802a8e58e5f1",
                "sha256:fc3a569657468b6f3fb60587e48356fe512c1754ca05a564f11366ac9e306526"
            ],
            "markers": "platform_machine == 'aarch64' or (platform_machine == 'ppc64le' or (platform_machine == 'x86_64' or (platform_machine == 'amd64' or (platform_machine == 'AMD64' or (platform_machine == 'win32' or platform_machine == 'WIN32')))))",
            "version": "==2.0.2"
        },
        "psycopg2": {
            "hashes": [
                "sha256:11aca705ec888e4f4cea97289a0bf0f22a067a32614f6ef64fcf7b8bfbc53744",
                "sha256:1861a53a6a0fd248e42ea37c957d36950da00266378746588eab4f4b5649e95f",
                "sha256:2362ee4d07ac85ff0ad93e22c693d0f37ff63e28f0615a16b6635a645f4b9214",
                "sha256:36c941a767341d11549c0fbdbb2bf5be2eda4caf87f65dfcd7d146828bd27f39",
                "sha256:53f4ad0a3988f983e9b49a5d9765d663bbe84f508ed655affdb810af9d0972ad",
                "sha256:869776630c04f335d4124f120b7fb377fe44b0a7645ab3c34b4ba42516951889",
                "sha256:a8ad4a47f42aa6aec8d061fdae21eaed8d864d4bb0f0cade5ad32ca16fcd6258",
                "sha256:b81fcb9ecfc584f661b71c889edeae70bae30d3ef74fa0ca388ecda50b1222b7",
                "sha256:d24ead3716a7d093b90b27b3d73459fe8cd90fd7065cf43b3c40966221d8c394",
                "sha256:ded2faa2e6dfb430af7713d87ab4abbfc764d8d7fb73eafe96a24155f906ebf5",
                "sha256:f15158418fd826831b28585e2ab48ed8df2d0d98f502a2b4fe619e7d5ca29011",
                "sha256:f75001a1cbbe523e00b0ef896a5a1ada2da93ccd752b7636db5a99bc57c44494",
                "sha256:f7a7a5ee78ba7dc74265ba69e010ae89dae635eea0e97b055fb641a01a31d2b1"
            ],
            "index": "pypi",
            "version": "==2.9.6"
        },
        "sqlalchemy": {
            "hashes": [
                "sha256:04020aba2c0266ec521095ddd5cb760fc0067b0088828ccbf6b323c900a62e59",
                "sha256:06401013dad015e6f6f72c946f66d750fe4c5ef852ed2f15537d572cb92d7a75",
                "sha256:096d9f72882035b4c6906172bf5c5afe4caefbfe0e028ab0c83dfdaa670cc193",
                "sha256:1f5638aac94c8f3fe04ca030e2b3e84d52d70f15d67f35f794fd2057284abced",
                "sha256:1fa90ed075ebc5fefc504c0e35b84fde1880d7c095473c5aa0c01f63eb37beae",
                "sha256:207c2cc9b946f832fd45fbdd6276c28e3e80b206909a028cd163e87f4080a333",
                "sha256:23e3e1cc3634a70bba2ab10c144d4f11cf0ddeca239bbdaf646770873030c600",
                "sha256:28c79289b4bf21cf09fb770b124cfae2432bbafb2ffd6758ac280bc1cacabfac",
                "sha256:2bd944dc701be15a91ec965c6634ab90998ca2d14e4f1f568545547a3a3adc16",
                "sha256:2fdccadc9359784ae12ae9199849b724c7165220ae93c6066e841b66c6823742",
                "sha256:300e8165bc78a0a917b39617730caf2c08c399302137c562e5ce7a37780ad10f",
                "sha256:39869cf2cfe73c8ad9a6f15712a2ed8c13c1f87646611882efb6a8ec80d180e8",
                "sha256:3e77ed2e6d911aafc931c92033262d2979a44317294328b071a53aa10e2a9614",
                "sha256:4a1ec8fcbe7e6a6ec28e161c6030d8cf5077e31efc3d08708d8de5aa8314b345",
                "sha256:5892afc393ecd5f20910ff5a6b90d56620ec2ef3e36e3358eaedbae2aa36816d",
                "sha256:5e8abd2ce0745a2819f3e41a17570c9d74b634a5b5ab5a04de5919e55d5d8601",
                "sha256:61ea1af2d01e709dcd4edc0d994db42bac6b2673c093cc35df3875e54cad9cef",
                "sha256:631ea4d1a8d78b43126773fa2de5472d97eb54dc4b9fbae4d8bd910f72f31f25",
                "sha256:6b15cadba33d77e6fcee4f4f7706913d143d20e48ce26e9b6578b5cd07d4a353",
                "sha256:70aed8f508f6c2f4da63ee6fa853534bb97d47bc82e28d56442f62a0b6ad2660",
                "sha256:736e92fa4d6e020fc780b915bcdd69749ad32c79bc6b031e85dcd2b8069f8de1",
                "sha256:7a8ca39fbc2dfe357f03e398bf5c1421b9b6614a8cf69ccada9ab3ef7e036073",
                "sha256:7da5bf86746ddbf8d68f1a3f9d1efee1d95e07d5ad63f47b839f4db799e12566",
                "sha256:88df3327c32468716a52c10e7991268afb552a0a7ef36130925864f28873d2e0",
                "sha256:89e7a05639b3ae4fd17062a37b0ee336ea50ac9751e98e3330a6ed95daa4880c",
                "sha256:8a3e3f34468a512b3886ac5584384aed8bef388297c710509a842fb1468476f3",
                "sha256:8c3366be42bca5c066703af54b856e00f23b8fbef9ab0346a58d34245af695a5",
                "sha256:9a77e29a96779f373eb144040e5fae1e3944916c13360715e74f73b186f0d8d2",
                "sha256:a4cdac392547dec07d69c5e8b05374b0357359ebc58ab2bbcb9fa0370ecb715f",
                "sha256:a9aa445201754a49b7ddb0b99fbe5ccf98f6900548fc60a0a07dde2253dd541e",
                "sha256:af525e9fbcf7da7404fc4b91ca4ce6172457d3f4390b93941fb97bfe29afb7dc",
                "sha256:b608ad640ac70e2901d111a69ad975e6b0ca39947e08cc28691b0de00831a787",
                "sha256:d46edd508123413595a17bb64655db7c4bfefa83e721a3064f66e046e9a6a103",
                "sha256:d975ac2bc513f530fa2574eb58e0ca731357d4686de2fb644af3036fca4f3fd6",
                "sha256:dcd5793b98eb043703895443cc399fb8e2ce21c9b09757e954e425c8415c541b",
                "sha256:dd40fbf4f916a41b4afe50665e2d029a1c9f74967fd3b7422475529641d31ef5",
                "sha256:dddbe2c012d712873fb9f203512db57d3cbdd20803f0792aa01bc513da8a2380",
                "sha256:e9d7e65c2c4f313524399f6b8ec14bfa8f4e9fccd999ff585e10e073cfd21429",
                "sha256:ec910449c70b0359dbe08a5e8c63678c7ef0113ab61cd0bb2e80ed09ea8ce6ab",
                "sha256:ed368ee7b1c119d5f6321cc9a3ea806adacf522bb4c2e9e398cbfc2e2cc68a2a",
                "sha256:faa6d2e6d6d46d2d58c5a4713148300b44fcfc911341ec82d8731488d0757f96"
            ],
            "index": "pypi",
            "version": "==2.0.10"
        },
        "typing-extensions": {
            "hashes": [
                "sha256:5cb5f4a79139d699607b3ef622a1dedafa84e115ab0024e0d9c044a9479ca7cb",
                "sha256:fb33085c39dd998ac16d1431ebc293a8b3eedd00fd4a32de0ff79002c19511b4"
            ],
            "markers": "python_version >= '3.7'",
            "version": "==4.5.0"
        }
    },
    "develop": {}
}
